
Microsoft Visual Studio Solution File, Format Version 12.00
# Visual Studio Version 16
VisualStudioVersion = 16.0.30413.136
MinimumVisualStudioVersion = 10.0.40219.1
Project("{FAE04EC0-301F-11D3-BF4B-00C04F79EFBC}") = "KinoAppDem", "KinoAppDem\KinoAppDem.csproj", "{9AF6895C-714E-4953-A670-61526C967FCD}"
EndProject
Global
	GlobalSection(SolutionConfigurationPlatforms) = preSolution
		Debug|Any CPU = Debug|Any CPU
		Release|Any CPU = Release|Any CPU
	EndGlobalSection
	GlobalSection(ProjectConfigurationPlatforms) = postSolution
		{9AF6895C-714E-4953-A670-61526C967FCD}.Debug|Any CPU.ActiveCfg = Debug|Any CPU
		{9AF6895C-714E-4953-A670-61526C967FCD}.Debug|Any CPU.Build.0 = Debug|Any CPU
		{9AF6895C-714E-4953-A670-61526C967FCD}.Release|Any CPU.ActiveCfg = Release|Any CPU
		{9AF6895C-714E-4953-A670-61526C967FCD}.Release|Any CPU.Build.0 = Release|Any CPU
	EndGlobalSection
	GlobalSection(SolutionProperties) = preSolution
		HideSolutionNode = FALSE
	EndGlobalSection
	GlobalSection(ExtensibilityGlobals) = postSolution
		SolutionGuid = {D1FB927F-FBA8-44C8-BB01-1A0E01192069}
	EndGlobalSection
EndGlobal
